Microsoft Visual Studio Solution File, Format Version 12.00
# Visual Studio Version 17
VisualStudioVersion = 17.5.2.0
MinimumVisualStudioVersion = 10.0.40219.1
Project("{2150E333-8FDC-42A3-9474-1A3956D46DE8}") = "SmartDonationSystemSolution", "SmartDonationSystemSolution", "{C89F2473-E822-731F-ACA2-E7253CBAED71}"
EndProject
Project("{FAE04EC0-301F-11D3-BF4B-00C04F79EFBC}") = "SmartDonationSystem.API", "SmartDonationSystemSolution\SmartDonationSystem.API\SmartDonationSystem.API.csproj", "{921DFFD7-6610-F1F7-D1D0-FD9C304DED9F}"
EndProject
Project("{FAE04EC0-301F-11D3-BF4B-00C04F79EFBC}") = "SmartDonationSystem.Core", "SmartDonationSystemSolution\SmartDonationSystem.Core\SmartDonationSystem.Core.csproj", "{9B610823-7FE2-2FC4-6179-955E7C9A7FF8}"
EndProject
Project("{FAE04EC0-301F-11D3-BF4B-00C04F79EFBC}") = "SmartDonationSystem.DataAccess", "SmartDonationSystemSolution\SmartDonationSystem.DataAccess\SmartDonationSystem.DataAccess.csproj", "{A6F2589C-F773-0987-F7EB-7A88DB8C0301}"
EndProject
Project("{FAE04EC0-301F-11D3-BF4B-00C04F79EFBC}") = "SmartDonationSystem.Services", "SmartDonationSystemSolution\SmartDonationSystem.Services\SmartDonationSystem.Services.csproj", "{512789C5-D6BA-DC4E-E2E1-2C9E7D2381F1}"
EndProject
Project("{FAE04EC0-301F-11D3-BF4B-00C04F79EFBC}") = "SmartDonationSystem.Shared", "SmartDonationSystemSolution\SmartDonationSystem.Shared\SmartDonationSystem.Shared.csproj", "{C8E51D9E-AED2-50CA-3454-2377F0445CB7}"
EndProject
Global
	GlobalSection(SolutionConfigurationPlatforms) = preSolution
		Debug|Any CPU = Debug|Any CPU
		Release|Any CPU = Release|Any CPU
	EndGlobalSection
	GlobalSection(ProjectConfigurationPlatforms) = postSolution
		{921DFFD7-6610-F1F7-D1D0-FD9C304DED9F}.Debug|Any CPU.ActiveCfg = Debug|Any CPU
		{921DFFD7-6610-F1F7-D1D0-FD9C304DED9F}.Debug|Any CPU.Build.0 = Debug|Any CPU
		{921DFFD7-6610-F1F7-D1D0-FD9C304DED9F}.Release|Any CPU.ActiveCfg = Release|Any CPU
		{921DFFD7-6610-F1F7-D1D0-FD9C304DED9F}.Release|Any CPU.Build.0 = Release|Any CPU
		{9B610823-7FE2-2FC4-6179-955E7C9A7FF8}.Debug|Any CPU.ActiveCfg = Debug|Any CPU
		{9B610823-7FE2-2FC4-6179-955E7C9A7FF8}.Debug|Any CPU.Build.0 = Debug|Any CPU
		{9B610823-7FE2-2FC4-6179-955E7C9A7FF8}.Release|Any CPU.ActiveCfg = Release|Any CPU
		{9B610823-7FE2-2FC4-6179-955E7C9A7FF8}.Release|Any CPU.Build.0 = Release|Any CPU
		{A6F2589C-F773-0987-F7EB-7A88DB8C0301}.Debug|Any CPU.ActiveCfg = Debug|Any CPU
		{A6F2589C-F773-0987-F7EB-7A88DB8C0301}.Debug|Any CPU.Build.0 = Debug|Any CPU
		{A6F2589C-F773-0987-F7EB-7A88DB8C0301}.Release|Any CPU.ActiveCfg = Release|Any CPU
		{A6F2589C-F773-0987-F7EB-7A88DB8C0301}.Release|Any CPU.Build.0 = Release|Any CPU
		{512789C5-D6BA-DC4E-E2E1-2C9E7D2381F1}.Debug|Any CPU.ActiveCfg = Debug|Any CPU
		{512789C5-D6BA-DC4E-E2E1-2C9E7D2381F1}.Debug|Any CPU.Build.0 = Debug|Any CPU
		{512789C5-D6BA-DC4E-E2E1-2C9E7D2381F1}.Release|Any CPU.ActiveCfg = Release|Any CPU
		{512789C5-D6BA-DC4E-E2E1-2C9E7D2381F1}.Release|Any CPU.Build.0 = Release|Any CPU
		{C8E51D9E-AED2-50CA-3454-2377F0445CB7}.Debug|Any CPU.ActiveCfg = Debug|Any CPU
		{C8E51D9E-AED2-50CA-3454-2377F0445CB7}.Debug|Any CPU.Build.0 = Debug|Any CPU
		{C8E51D9E-AED2-50CA-3454-2377F0445CB7}.Release|Any CPU.ActiveCfg = Release|Any CPU
		{C8E51D9E-AED2-50CA-3454-2377F0445CB7}.Release|Any CPU.Build.0 = Release|Any CPU
	EndGlobalSection
	GlobalSection(SolutionProperties) = preSolution
		HideSolutionNode = FALSE
	EndGlobalSection
	GlobalSection(NestedProjects) = preSolution
		{921DFFD7-6610-F1F7-D1D0-FD9C304DED9F} = {C89F2473-E822-731F-ACA2-E7253CBAED71}
		{9B610823-7FE2-2FC4-6179-955E7C9A7FF8} = {C89F2473-E822-731F-ACA2-E7253CBAED71}
		{A6F2589C-F773-0987-F7EB-7A88DB8C0301} = {C89F2473-E822-731F-ACA2-E7253CBAED71}
		{512789C5-D6BA-DC4E-E2E1-2C9E7D2381F1} = {C89F2473-E822-731F-ACA2-E7253CBAED71}
		{C8E51D9E-AED2-50CA-3454-2377F0445CB7} = {C89F2473-E822-731F-ACA2-E7253CBAED71}
	EndGlobalSection
	GlobalSection(ExtensibilityGlobals) = postSolution
		SolutionGuid = {3B5C6EB8-875D-44BE-B002-52A26B827941}
	EndGlobalSection
EndGlobal
